<Solution>
  <Configurations>
    <Platform Name="ARM64" />
    <Platform Name="x64" />
    <Platform Name="X86" />
  </Configurations>
  <Folder Name="/docs/">
    <File Path="docs/DESIGN.md" />
  </Folder>
  <Folder Name="/Solution Items/">
    <File Path=".editorconfig" />
    <File Path=".gitattributes" />
    <File Path=".gitignore" />
    <File Path="Directory.Build.props" />
    <File Path="Directory.Packages.props" />
    <File Path="global.json" />
  </Folder>
  <Folder Name="/src/">
    <Project Path="src/PrintSink.App/PrintSink.App.csproj">
      <Platform Solution="*|ARM64" Project="ARM64" />
      <Platform Solution="*|x64" Project="x64" />
      <Platform Solution="*|X86" Project="X86" />
    </Project>
    <Project Path="src/PrintSink.Cli/PrintSink.Cli.csproj" />
    <Project Path="src/PrintSink.Core/PrintSink.Core.csproj" />
    <Project Path="src/PrintSink.Tasks/PrintSink.Tasks.csproj">
      <Platform Solution="*|ARM64" Project="ARM64" />
      <Platform Solution="*|x64" Project="x64" />
      <Platform Solution="*|X86" Project="X86" />
    </Project>
  </Folder>
  <Folder Name="/tests/">
    <Project Path="tests/PrintSink.Cli.Tests/PrintSink.Cli.Tests.csproj" />
    <Project Path="tests/PrintSink.Core.Tests/PrintSink.Core.Tests.csproj" />
  </Folder>
</Solution>
