<Solution>
  <Configurations>
    <Platform Name="Any CPU" />
    <Platform Name="x64" />
    <Platform Name="ARM64" />
    <Platform Name="x86" />
  </Configurations>
  <Folder Name="/src/">
    <Project Path="src/PrintSink.App/PrintSink.App.csproj" DefaultStartup="true">
      <Platform Solution="*|Any CPU" Project="x64" />
      <Platform Solution="*|x64" Project="x64" />
      <Platform Solution="*|ARM64" Project="ARM64" />
      <Platform Solution="*|x86" Project="x86" />
    </Project>
    <Project Path="src/PrintSink.Core/PrintSink.Core.csproj" />
  </Folder>
  <Folder Name="/tests/">
    <Project Path="tests/PrintSink.Core.Tests/PrintSink.Core.Tests.csproj" />
  </Folder>
</Solution>
