<?xml version="1.0" encoding="utf-8"?>
<Project ToolsVersion="4.0" xmlns="http://schemas.microsoft.com/developer/msbuild/2003">
  <ItemGroup>
    <Filter Include="Source Files">
      <UniqueIdentifier>{f83360b2-7788-4975-82a4-a34e7aeb5bb7}</UniqueIdentifier>
      <Extensions>cpp;c;cc;cxx;c++;def;odl;idl;hpj;bat;asm;asmx</Extensions>
    </Filter>
    <Filter Include="Header Files">
      <UniqueIdentifier>{2f276c69-57fb-4f4c-b1d0-1fb4bf6e94d6}</UniqueIdentifier>
      <Extensions>h;hh;hpp;hxx;h++;hm;inl;inc;ipp;xsd</Extensions>
    </Filter>
    <Filter Include="Resource Files">
      <UniqueIdentifier>{d41efc29-04d8-4f97-8bcb-d9a55f65bc9f}</UniqueIdentifier>
      <Extensions>rc;ico;cur;bmp;dlg;rc2;rct;bin;rgs;gif;jpg;jpeg;jpe;resx;tiff;tif;png;manifest</Extensions>
    </Filter>
  </ItemGroup>
  <ItemGroup>
    <ClInclude Include="pch.h">
      <Filter>Header Files</Filter>
    </ClInclude>
    <ClInclude Include="SynchronizedSequentialStream.h">
      <Filter>Header Files</Filter>
    </ClInclude>
    <ClInclude Include="XpsPageWatermarker.h">
      <Filter>Header Files</Filter>
    </ClInclude>
    <ClInclude Include="XpsSequentialDocument.h">
      <Filter>Header Files</Filter>
    </ClInclude>
  </ItemGroup>
  <ItemGroup>
    <ClCompile Include="pch.cpp">
      <Filter>Source Files</Filter>
    </ClCompile>
    <ClCompile Include="SynchronizedSequentialStream.cpp">
      <Filter>Source Files</Filter>
    </ClCompile>
    <ClCompile Include="XpsPageWatermarker.cpp">
      <Filter>Source Files</Filter>
    </ClCompile>
    <ClCompile Include="XpsSequentialDocument.cpp">
      <Filter>Source Files</Filter>
    </ClCompile>
    <ClCompile Include="$(GeneratedFilesDir)module.g.cpp">
      <Filter>Source Files</Filter>
    </ClCompile>
  </ItemGroup>
  <ItemGroup>
    <Midl Include="XpsPageWatermarker.idl">
      <Filter>Source Files</Filter>
    </Midl>
  </ItemGroup>
  <ItemGroup>
    <None Include="PrintSink.Xps.def">
      <Filter>Source Files</Filter>
    </None>
    <None Include="PrintSink.Xps.dll.manifest">
      <Filter>Resource Files</Filter>
    </None>
  </ItemGroup>
</Project>
